// !$*UTF8*$!
{
	archiveVersion = 1;
	classes = {
	};
	objectVersion = 56;
	objects = {

/* Begin PBXBuildFile section */
		852909642C108DB10095D53A /* ShowToastSDK.docc in Sources */ = {isa = PBXBuildFile; fileRef = 852909632C108DB10095D53A /* ShowToastSDK.docc */; };
		8529096A2C108DB10095D53A /* ShowToastSDK.framework in Frameworks */ = {isa = PBXBuildFile; fileRef = 8529095F2C108DB10095D53A /* ShowToastSDK.framework */; };
		8529096F2C108DB10095D53A /* ShowToastSDKTests.swift in Sources */ = {isa = PBXBuildFile; fileRef = 8529096E2C108DB10095D53A /* ShowToastSDKTests.swift */; };
		852909702C108DB10095D53A /* ShowToastSDK.h in Headers */ = {isa = PBXBuildFile; fileRef = 852909622C108DB10095D53A /* ShowToastSDK.h */; settings = {ATTRIBUTES = (Public, ); }; };
		8529097A2C108DCA0095D53A /* ShowToasts.swift in Sources */ = {isa = PBXBuildFile; fileRef = 852909792C108DCA0095D53A /* ShowToasts.swift */; };
/* End PBXBuildFile section */

/* Begin PBXContainerItemProxy section */
		8529096B2C108DB10095D53A /* PBXContainerItemProxy */ = {
			isa = PBXContainerItemProxy;
			containerPortal = 852909562C108DB10095D53A /* Project object */;
			proxyType = 1;
			remoteGlobalIDString = 8529095E2C108DB10095D53A;
			remoteInfo = ShowToastSDK;
		};
/* End PBXContainerItemProxy section */

/* Begin PBXFileReference section */
		8529095F2C108DB10095D53A /* ShowToastSDK.framework */ = {isa = PBXFileReference; explicitFileType = wrapper.framework; includeInIndex = 0; path = ShowToastSDK.framework; sourceTree = BUILT_PRODUCTS_DIR; };
		852909622C108DB10095D53A /* ShowToastSDK.h */ = {isa = PBXFileReference; lastKnownFileType = sourcecode.c.h; path = ShowToastSDK.h; sourceTree = "<group>"; };
		852909632C108DB10095D53A /* ShowToastSDK.docc */ = {isa = PBXFileReference; lastKnownFileType = folder.documentationcatalog; path = ShowToastSDK.docc; sourceTree = "<group>"; };
		852909692C108DB10095D53A /* ShowToastSDKTests.xctest */ = {isa = PBXFileReference; explicitFileType = wrapper.cfbundle; includeInIndex = 0; path = ShowToastSDKTests.xctest; sourceTree = BUILT_PRODUCTS_DIR; };
		8529096E2C108DB10095D53A /* ShowToastSDKTests.swift */ = {isa = PBXFileReference; lastKnownFileType = sourcecode.swift; path = ShowToastSDKTests.swift; sourceTree = "<group>"; };
		852909792C108DCA0095D53A /* ShowToasts.swift */ = {isa = PBXFileReference; lastKnownFileType = sourcecode.swift; path = ShowToasts.swift; sourceTree = "<group>"; };
		8529097C2C108EC50095D53A /* Accelerate.framework */ = {isa = PBXFileReference; lastKnownFileType = wrapper.framework; name = Accelerate.framework; path = Platforms/MacOSX.platform/Developer/SDKs/MacOSX13.1.sdk/System/Library/Frameworks/Accelerate.framework; sourceTree = DEVELOPER_DIR; };
/* End PBXFileReference section */

/* Begin PBXFrameworksBuildPhase section */
		8529095C2C108DB10095D53A /* Frameworks */ = {
			isa = PBXFrameworksBuildPhase;
			buildActionMask = 2147483647;
			files = (
			);
			runOnlyForDeploymentPostprocessing = 0;
		};
		852909662C108DB10095D53A /* Frameworks */ = {
			isa = PBXFrameworksBuildPhase;
			buildActionMask = 2147483647;
			files = (
				8529096A2C108DB10095D53A /* ShowToastSDK.framework in Frameworks */,
			);
			runOnlyForDeploymentPostprocessing = 0;
		};
/* End PBXFrameworksBuildPhase section */

/* Begin PBXGroup section */
		852909552C108DB10095D53A = {
			isa = PBXGroup;
			children = (
				852909612C108DB10095D53A /* ShowToastSDK */,
				8529096D2C108DB10095D53A /* ShowToastSDKTests */,
				852909602C108DB10095D53A /* Products */,
				8529097B2C108EC40095D53A /* Frameworks */,
			);
			sourceTree = "<group>";
		};
		852909602C108DB10095D53A /* Products */ = {
			isa = PBXGroup;
			children = (
				8529095F2C108DB10095D53A /* ShowToastSDK.framework */,
				852909692C108DB10095D53A /* ShowToastSDKTests.xctest */,
			);
			name = Products;
			sourceTree = "<group>";
		};
		852909612C108DB10095D53A /* ShowToastSDK */ = {
			isa = PBXGroup;
			children = (
				852909622C108DB10095D53A /* ShowToastSDK.h */,
				852909632C108DB10095D53A /* ShowToastSDK.docc */,
				852909792C108DCA0095D53A /* ShowToasts.swift */,
			);
			path = ShowToastSDK;
			sourceTree = "<group>";
		};
		8529096D2C108DB10095D53A /* ShowToastSDKTests */ = {
			isa = PBXGroup;
			children = (
				8529096E2C108DB10095D53A /* ShowToastSDKTests.swift */,
			);
			path = ShowToastSDKTests;
			sourceTree = "<group>";
		};
		8529097B2C108EC40095D53A /* Frameworks */ = {
			isa = PBXGroup;
			children = (
				8529097C2C108EC50095D53A /* Accelerate.framework */,
			);
			name = Frameworks;
			sourceTree = "<group>";
		};
/* End PBXGroup section */

/* Begin PBXHeadersBuildPhase section */
		8529095A2C108DB10095D53A /* Headers */ = {
			isa = PBXHeadersBuildPhase;
			buildActionMask = 2147483647;
			files = (
				852909702C108DB10095D53A /* ShowToastSDK.h in Headers */,
			);
			runOnlyForDeploymentPostprocessing = 0;
		};
/* End PBXHeadersBuildPhase section */

/* Begin PBXNativeTarget section */
		8529095E2C108DB10095D53A /* ShowToastSDK */ = {
			isa = PBXNativeTarget;
			buildConfigurationList = 852909732C108DB10095D53A /* Build configuration list for PBXNativeTarget "ShowToastSDK" */;
			buildPhases = (
				8529095A2C108DB10095D53A /* Headers */,
				8529095B2C108DB10095D53A /* Sources */,
				8529095C2C108DB10095D53A /* Frameworks */,
				8529095D2C108DB10095D53A /* Resources */,
			);
			buildRules = (
			);
			dependencies = (
			);
			name = ShowToastSDK;
			productName = ShowToastSDK;
			productReference = 8529095F2C108DB10095D53A /* ShowToastSDK.framework */;
			productType = "com.apple.product-type.framework";
		};
		852909682C108DB10095D53A /* ShowToastSDKTests */ = {
			isa = PBXNativeTarget;
			buildConfigurationList = 852909762C108DB10095D53A /* Build configuration list for PBXNativeTarget "ShowToastSDKTests" */;
			buildPhases = (
				852909652C108DB10095D53A /* Sources */,
				852909662C108DB10095D53A /* Frameworks */,
				852909672C108DB10095D53A /* Resources */,
			);
			buildRules = (
			);
			dependencies = (
				8529096C2C108DB10095D53A /* PBXTargetDependency */,
			);
			name = ShowToastSDKTests;
			productName = ShowToastSDKTests;
			productReference = 852909692C108DB10095D53A /* ShowToastSDKTests.xctest */;
			productType = "com.apple.product-type.bundle.unit-test";
		};
/* End PBXNativeTarget section */

/* Begin PBXProject section */
		852909562C108DB10095D53A /* Project object */ = {
			isa = PBXProject;
			attributes = {
				BuildIndependentTargetsInParallel = 1;
				LastSwiftUpdateCheck = 1420;
				LastUpgradeCheck = 1420;
				TargetAttributes = {
					8529095E2C108DB10095D53A = {
						CreatedOnToolsVersion = 14.2;
					};
					852909682C108DB10095D53A = {
						CreatedOnToolsVersion = 14.2;
					};
				};
			};
			buildConfigurationList = 852909592C108DB10095D53A /* Build configuration list for PBXProject "ShowToastSDK" */;
			compatibilityVersion = "Xcode 14.0";
			developmentRegion = en;
			hasScannedForEncodings = 0;
			knownRegions = (
				en,
				Base,
			);
			mainGroup = 852909552C108DB10095D53A;
			productRefGroup = 852909602C108DB10095D53A /* Products */;
			projectDirPath = "";
			projectRoot = "";
			targets = (
				8529095E2C108DB10095D53A /* ShowToastSDK */,
				852909682C108DB10095D53A /* ShowToastSDKTests */,
			);
		};
/* End PBXProject section */

/* Begin PBXResourcesBuildPhase section */
		8529095D2C108DB10095D53A /* Resources */ = {
			isa = PBXResourcesBuildPhase;
			buildActionMask = 2147483647;
			files = (
			);
			runOnlyForDeploymentPostprocessing = 0;
		};
		852909672C108DB10095D53A /* Resources */ = {
			isa = PBXResourcesBuildPhase;
			buildActionMask = 2147483647;
			files = (
			);
			runOnlyForDeploymentPostprocessing = 0;
		};
/* End PBXResourcesBuildPhase section */

/* Begin PBXSourcesBuildPhase section */
		8529095B2C108DB10095D53A /* Sources */ = {
			isa = PBXSourcesBuildPhase;
			buildActionMask = 2147483647;
			files = (
				8529097A2C108DCA0095D53A /* ShowToasts.swift in Sources */,
				852909642C108DB10095D53A /* ShowToastSDK.docc in Sources */,
			);
			runOnlyForDeploymentPostprocessing = 0;
		};
		852909652C108DB10095D53A /* Sources */ = {
			isa = PBXSourcesBuildPhase;
			buildActionMask = 2147483647;
			files = (
				8529096F2C108DB10095D53A /* ShowToastSDKTests.swift in Sources */,
			);
			runOnlyForDeploymentPostprocessing = 0;
		};
/* End PBXSourcesBuildPhase section */

/* Begin PBXTargetDependency section */
		8529096C2C108DB10095D53A /* PBXTargetDependency */ = {
			isa = PBXTargetDependency;
			target = 8529095E2C108DB10095D53A /* ShowToastSDK */;
			targetProxy = 8529096B2C108DB10095D53A /* PBXContainerItemProxy */;
		};
/* End PBXTargetDependency section */

/* Begin XCBuildConfiguration section */
		852909712C108DB10095D53A /* Debug */ = {
			isa = XCBuildConfiguration;
			buildSettings = {
				ALWAYS_SEARCH_USER_PATHS = NO;
				CLANG_ANALYZER_NONNULL = YES;
				CLANG_ANALYZER_NUMBER_OBJECT_CONVERSION = YES_AGGRESSIVE;
				CLANG_CXX_LANGUAGE_STANDARD = "gnu++20";
				CLANG_ENABLE_MODULES = YES;
				CLANG_ENABLE_OBJC_ARC = YES;
				CLANG_ENABLE_OBJC_WEAK = YES;
				CLANG_WARN_BLOCK_CAPTURE_AUTORELEASING = YES;
				CLANG_WARN_BOOL_CONVERSION = YES;
				CLANG_WARN_COMMA = YES;
				CLANG_WARN_CONSTANT_CONVERSION = YES;
				CLANG_WARN_DEPRECATED_OBJC_IMPLEMENTATIONS = YES;
				CLANG_WARN_DIRECT_OBJC_ISA_USAGE = YES_ERROR;
				CLANG_WARN_DOCUMENTATION_COMMENTS = YES;
				CLANG_WARN_EMPTY_BODY = YES;
				CLANG_WARN_ENUM_CONVERSION = YES;
				CLANG_WARN_INFINITE_RECURSION = YES;
				CLANG_WARN_INT_CONVERSION = YES;
				CLANG_WARN_NON_LITERAL_NULL_CONVERSION = YES;
				CLANG_WARN_OBJC_IMPLICIT_RETAIN_SELF = YES;
				CLANG_WARN_OBJC_LITERAL_CONVERSION = YES;
				CLANG_WARN_OBJC_ROOT_CLASS = YES_ERROR;
				CLANG_WARN_QUOTED_INCLUDE_IN_FRAMEWORK_HEADER = YES;
				CLANG_WARN_RANGE_LOOP_ANALYSIS = YES;
				CLANG_WARN_STRICT_PROTOTYPES = YES;
				CLANG_WARN_SUSPICIOUS_MOVE = YES;
				CLANG_WARN_UNGUARDED_AVAILABILITY = YES_AGGRESSIVE;
				CLANG_WARN_UNREACHABLE_CODE = YES;
				CLANG_WARN__DUPLICATE_METHOD_MATCH = YES;
				COPY_PHASE_STRIP = NO;
				CURRENT_PROJECT_VERSION = 1;
				DEBUG_INFORMATION_FORMAT = dwarf;
				ENABLE_STRICT_OBJC_MSGSEND = YES;
				ENABLE_TESTABILITY = YES;
				GCC_C_LANGUAGE_STANDARD = gnu11;
				GCC_DYNAMIC_NO_PIC = NO;
				GCC_NO_COMMON_BLOCKS = YES;
				GCC_OPTIMIZATION_LEVEL = 0;
				GCC_PREPROCESSOR_DEFINITIONS = (
					"DEBUG=1",
					"$(inherited)",
				);
				GCC_WARN_64_TO_32_BIT_CONVERSION = YES;
				GCC_WARN_ABOUT_RETURN_TYPE = YES_ERROR;
				GCC_WARN_UNDECLARED_SELECTOR = YES;
				GCC_WARN_UNINITIALIZED_AUTOS = YES_AGGRESSIVE;
				GCC_WARN_UNUSED_FUNCTION = YES;
				GCC_WARN_UNUSED_VARIABLE = YES;
				IPHONEOS_DEPLOYMENT_TARGET = 16.2;
				MTL_ENABLE_DEBUG_INFO = INCLUDE_SOURCE;
				MTL_FAST_MATH = YES;
				ONLY_ACTIVE_ARCH = YES;
				SDKROOT = iphoneos;
				SWIFT_ACTIVE_COMPILATION_CONDITIONS = DEBUG;
				SWIFT_OPTIMIZATION_LEVEL = "-Onone";
				VERSIONING_SYSTEM = "apple-generic";
				VERSION_INFO_PREFIX = "";
			};
			name = Debug;
		};
		852909722C108DB10095D53A /* Release */ = {
			isa = XCBuildConfiguration;
			buildSettings = {
				ALWAYS_SEARCH_USER_PATHS = NO;
				CLANG_ANALYZER_NONNULL = YES;
				CLANG_ANALYZER_NUMBER_OBJECT_CONVERSION = YES_AGGRESSIVE;
				CLANG_CXX_LANGUAGE_STANDARD = "gnu++20";
				CLANG_ENABLE_MODULES = YES;
				CLANG_ENABLE_OBJC_ARC = YES;
				CLANG_ENABLE_OBJC_WEAK = YES;
				CLANG_WARN_BLOCK_CAPTURE_AUTORELEASING = YES;
				CLANG_WARN_BOOL_CONVERSION = YES;
				CLANG_WARN_COMMA = YES;
				CLANG_WARN_CONSTANT_CONVERSION = YES;
				CLANG_WARN_DEPRECATED_OBJC_IMPLEMENTATIONS = YES;
				CLANG_WARN_DIRECT_OBJC_ISA_USAGE = YES_ERROR;
				CLANG_WARN_DOCUMENTATION_COMMENTS = YES;
				CLANG_WARN_EMPTY_BODY = YES;
				CLANG_WARN_ENUM_CONVERSION = YES;
				CLANG_WARN_INFINITE_RECURSION = YES;
				CLANG_WARN_INT_CONVERSION = YES;
				CLANG_WARN_NON_LITERAL_NULL_CONVERSION = YES;
				CLANG_WARN_OBJC_IMPLICIT_RETAIN_SELF = YES;
				CLANG_WARN_OBJC_LITERAL_CONVERSION = YES;
				CLANG_WARN_OBJC_ROOT_CLASS = YES_ERROR;
				CLANG_WARN_QUOTED_INCLUDE_IN_FRAMEWORK_HEADER = YES;
				CLANG_WARN_RANGE_LOOP_ANALYSIS = YES;
				CLANG_WARN_STRICT_PROTOTYPES = YES;
				CLANG_WARN_SUSPICIOUS_MOVE = YES;
				CLANG_WARN_UNGUARDED_AVAILABILITY = YES_AGGRESSIVE;
				CLANG_WARN_UNREACHABLE_CODE = YES;
				CLANG_WARN__DUPLICATE_METHOD_MATCH = YES;
				COPY_PHASE_STRIP = NO;
				CURRENT_PROJECT_VERSION = 1;
				DEBUG_INFORMATION_FORMAT = "dwarf-with-dsym";
				ENABLE_NS_ASSERTIONS = NO;
				ENABLE_STRICT_OBJC_MSGSEND = YES;
				GCC_C_LANGUAGE_STANDARD = gnu11;
				GCC_NO_COMMON_BLOCKS = YES;
				GCC_WARN_64_TO_32_BIT_CONVERSION = YES;
				GCC_WARN_ABOUT_RETURN_TYPE = YES_ERROR;
				GCC_WARN_UNDECLARED_SELECTOR = YES;
				GCC_WARN_UNINITIALIZED_AUTOS = YES_AGGRESSIVE;
				GCC_WARN_UNUSED_FUNCTION = YES;
				GCC_WARN_UNUSED_VARIABLE = YES;
				IPHONEOS_DEPLOYMENT_TARGET = 16.2;
				MTL_ENABLE_DEBUG_INFO = NO;
				MTL_FAST_MATH = YES;
				SDKROOT = iphoneos;
				SWIFT_COMPILATION_MODE = wholemodule;
				SWIFT_OPTIMIZATION_LEVEL = "-O";
				VALIDATE_PRODUCT = YES;
				VERSIONING_SYSTEM = "apple-generic";
				VERSION_INFO_PREFIX = "";
			};
			name = Release;
		};
		852909742C108DB10095D53A /* Debug */ = {
			isa = XCBuildConfiguration;
			buildSettings = {
				CODE_SIGN_STYLE = Automatic;
				CURRENT_PROJECT_VERSION = 1;
				DEFINES_MODULE = YES;
				DYLIB_COMPATIBILITY_VERSION = 1;
				DYLIB_CURRENT_VERSION = 1;
				DYLIB_INSTALL_NAME_BASE = "@rpath";
				GENERATE_INFOPLIST_FILE = YES;
				INFOPLIST_KEY_NSHumanReadableCopyright = "";
				INSTALL_PATH = "$(LOCAL_LIBRARY_DIR)/Frameworks";
				IPHONEOS_DEPLOYMENT_TARGET = 14.0;
				LD_RUNPATH_SEARCH_PATHS = (
					"$(inherited)",
					"@executable_path/Frameworks",
					"@loader_path/Frameworks",
				);
				MARKETING_VERSION = 1.0;
				PRODUCT_BUNDLE_IDENTIFIER = new.ShowToastSDK;
				PRODUCT_NAME = "$(TARGET_NAME:c99extidentifier)";
				SKIP_INSTALL = YES;
				SWIFT_EMIT_LOC_STRINGS = YES;
				SWIFT_VERSION = 5.0;
				TARGETED_DEVICE_FAMILY = "1,2";
			};
			name = Debug;
		};
		852909752C108DB10095D53A /* Release */ = {
			isa = XCBuildConfiguration;
			buildSettings = {
				CODE_SIGN_STYLE = Automatic;
				CURRENT_PROJECT_VERSION = 1;
				DEFINES_MODULE = YES;
				DYLIB_COMPATIBILITY_VERSION = 1;
				DYLIB_CURRENT_VERSION = 1;
				DYLIB_INSTALL_NAME_BASE = "@rpath";
				GENERATE_INFOPLIST_FILE = YES;
				INFOPLIST_KEY_NSHumanReadableCopyright = "";
				INSTALL_PATH = "$(LOCAL_LIBRARY_DIR)/Frameworks";
				IPHONEOS_DEPLOYMENT_TARGET = 14.0;
				LD_RUNPATH_SEARCH_PATHS = (
					"$(inherited)",
					"@executable_path/Frameworks",
					"@loader_path/Frameworks",
				);
				MARKETING_VERSION = 1.0;
				PRODUCT_BUNDLE_IDENTIFIER = new.ShowToastSDK;
				PRODUCT_NAME = "$(TARGET_NAME:c99extidentifier)";
				SKIP_INSTALL = YES;
				SWIFT_EMIT_LOC_STRINGS = YES;
				SWIFT_VERSION = 5.0;
				TARGETED_DEVICE_FAMILY = "1,2";
			};
			name = Release;
		};
		852909772C108DB10095D53A /* Debug */ = {
			isa = XCBuildConfiguration;
			buildSettings = {
				ALWAYS_EMBED_SWIFT_STANDARD_LIBRARIES = YES;
				CODE_SIGN_STYLE = Automatic;
				CURRENT_PROJECT_VERSION = 1;
				GENERATE_INFOPLIST_FILE = YES;
				MARKETING_VERSION = 1.0;
				PRODUCT_BUNDLE_IDENTIFIER = new.ShowToastSDKTests;
				PRODUCT_NAME = "$(TARGET_NAME)";
				SWIFT_EMIT_LOC_STRINGS = NO;
				SWIFT_VERSION = 5.0;
				TARGETED_DEVICE_FAMILY = "1,2";
			};
			name = Debug;
		};
		852909782C108DB10095D53A /* Release */ = {
			isa = XCBuildConfiguration;
			buildSettings = {
				ALWAYS_EMBED_SWIFT_STANDARD_LIBRARIES = YES;
				CODE_SIGN_STYLE = Automatic;
				CURRENT_PROJECT_VERSION = 1;
				GENERATE_INFOPLIST_FILE = YES;
				MARKETING_VERSION = 1.0;
				PRODUCT_BUNDLE_IDENTIFIER = new.ShowToastSDKTests;
				PRODUCT_NAME = "$(TARGET_NAME)";
				SWIFT_EMIT_LOC_STRINGS = NO;
				SWIFT_VERSION = 5.0;
				TARGETED_DEVICE_FAMILY = "1,2";
			};
			name = Release;
		};
/* End XCBuildConfiguration section */

/* Begin XCConfigurationList section */
		852909592C108DB10095D53A /* Build configuration list for PBXProject "ShowToastSDK" */ = {
			isa = XCConfigurationList;
			buildConfigurations = (
				852909712C108DB10095D53A /* Debug */,
				852909722C108DB10095D53A /* Release */,
			);
			defaultConfigurationIsVisible = 0;
			defaultConfigurationName = Release;
		};
		852909732C108DB10095D53A /* Build configuration list for PBXNativeTarget "ShowToastSDK" */ = {
			isa = XCConfigurationList;
			buildConfigurations = (
				852909742C108DB10095D53A /* Debug */,
				852909752C108DB10095D53A /* Release */,
			);
			defaultConfigurationIsVisible = 0;
			defaultConfigurationName = Release;
		};
		852909762C108DB10095D53A /* Build configuration list for PBXNativeTarget "ShowToastSDKTests" */ = {
			isa = XCConfigurationList;
			buildConfigurations = (
				852909772C108DB10095D53A /* Debug */,
				852909782C108DB10095D53A /* Release */,
			);
			defaultConfigurationIsVisible = 0;
			defaultConfigurationName = Release;
		};
/* End XCConfigurationList section */
	};
	rootObject = 852909562C108DB10095D53A /* Project object */;
}
